{
  "version": 1,
  "dependencies": {
    "net10.0": {
      "CsvHelper": {
        "type": "Direct",
        "requested": "[33.1.0, )",
        "resolved": "33.1.0",
        "contentHash": "kqfTOZGrn7NarNeXgjh86JcpTHUoeQDMB8t9NVa/ZtlSYiV1rxfRnQ49WaJsob4AiGrbK0XDzpyKkBwai4F8eg=="
      },
      "PDFsharp": {
        "type": "Direct",
        "requested": "[6.2.4, )",
        "resolved": "6.2.4",
        "contentHash": "GhTr9F1uOYXHCIEOB5PXIgqn5a8WLsJL2m0eewTA0IvY1j6N4HGXHKKmEyB90/N6vrjmYamf41V9zbmdW2HY3g==",
        "dependencies": {
          "Microsoft.Extensions.Logging.Abstractions": "8.0.3",
          "System.Security.Cryptography.Pkcs": "8.0.1"
        }
      },
      "QRCoder": {
        "type": "Direct",
        "requested": "[1.8.0, )",
        "resolved": "1.8.0",
        "contentHash": "RuvX3PEXU6pbY/I5ItAk800jm62r+YnoPLgyS2WTgwxkOnGkOfU9ORiipHUF0LkLyqM8rlroUCA319JjRYfRFQ==",
        "dependencies": {
          "System.Drawing.Common": "6.0.0"
        }
      },
      "System.CommandLine": {
        "type": "Direct",
        "requested": "[2.0.11, )",
        "resolved": "2.0.11",
        "contentHash": "Pmg3/T0M37ZS3ovwPHtfBNTCdqNpnxo+tnZMg8JDHVR0qD8KwcPUKlheEiZysb1En8IyH7yDoa9QDq97Ny/vhQ=="
      },
      "Microsoft.Extensions.DependencyInjection.Abstractions": {
        "type": "Transitive",
        "resolved": "8.0.2",
        "contentHash": "3iE7UF7MQkCv1cxzCahz+Y/guQbTqieyxyaWKhrRO91itI9cOKO76OHeQDahqG4MmW5umr3CcCvGmK92lWNlbg=="
      },
      "Microsoft.Extensions.Logging.Abstractions": {
        "type": "Transitive",
        "resolved": "8.0.3",
        "contentHash": "dL0QGToTxggRLMYY4ZYX5AMwBb+byQBd/5dMiZE07Nv73o6I5Are3C7eQTh7K2+A4ct0PVISSr7TZANbiNb2yQ==",
        "dependencies": {
          "Microsoft.Extensions.DependencyInjection.Abstractions": "8.0.2"
        }
      },
      "Microsoft.Win32.SystemEvents": {
        "type": "Transitive",
        "resolved": "6.0.0",
        "contentHash": "hqTM5628jSsQiv+HGpiq3WKBl2c8v1KZfby2J6Pr7pEPlK9waPdgEO6b8A/+/xn/yZ9ulv8HuqK71ONy2tg67A=="
      },
      "System.Drawing.Common": {
        "type": "Transitive",
        "resolved": "6.0.0",
        "contentHash": "NfuoKUiP2nUWwKZN6twGqXioIe1zVD0RIj2t976A+czLHr2nY454RwwXs6JU9Htc6mwqL6Dn/nEL3dpVf2jOhg==",
        "dependencies": {
          "Microsoft.Win32.SystemEvents": "6.0.0"
        }
      },
      "System.Security.Cryptography.Pkcs": {
        "type": "Transitive",
        "resolved": "8.0.1",
        "contentHash": "CoCRHFym33aUSf/NtWSVSZa99dkd0Hm7OCZUxORBjRB16LNhIEOf8THPqzIYlvKM0nNDAPTRBa1FxEECrgaxxA=="
      }
    }
  }
}